// !$*UTF8*$!
{
	archiveVersion = 1;
	classes = {
	};
	objectVersion = 46;
	objects = {

/* Begin PBXBuildFile section */
		24AD49141C3DDFE500ACDF3A /* AppDelegate.swift in Sources */ = {isa = PBXBuildFile; fileRef = 24AD49131C3DDFE500ACDF3A /* AppDelegate.swift */; };
		24AD49191C3DDFE500ACDF3A /* Main.storyboard in Resources */ = {isa = PBXBuildFile; fileRef = 24AD49171C3DDFE500ACDF3A /* Main.storyboard */; };
		24AD491B1C3DDFE500ACDF3A /* Assets.xcassets in Resources */ = {isa = PBXBuildFile; fileRef = 24AD491A1C3DDFE500ACDF3A /* Assets.xcassets */; };
		24AD491E1C3DDFE500ACDF3A /* LaunchScreen.storyboard in Resources */ = {isa = PBXBuildFile; fileRef = 24AD491C1C3DDFE500ACDF3A /* LaunchScreen.storyboard */; };
		24AD49271C3DE02600ACDF3A /* NGNavigationController.swift in Sources */ = {isa = PBXBuildFile; fileRef = 24AD49261C3DE02600ACDF3A /* NGNavigationController.swift */; };
		24AD49291C3DE03100ACDF3A /* NGViewController.swift in Sources */ = {isa = PBXBuildFile; fileRef = 24AD49281C3DE03100ACDF3A /* NGViewController.swift */; };
		24AD492C1C3E295600ACDF3A /* NavGridSampleNavigation.swift in Sources */ = {isa = PBXBuildFile; fileRef = 24AD492B1C3E295600ACDF3A /* NavGridSampleNavigation.swift */; };
		24AD492E1C3E299600ACDF3A /* NavGridSampleViewController.swift in Sources */ = {isa = PBXBuildFile; fileRef = 24AD492D1C3E299600ACDF3A /* NavGridSampleViewController.swift */; };
/* End PBXBuildFile section */

/* Begin PBXFileReference section */
		24AD49101C3DDFE500ACDF3A /* NavGrid.app */ = {isa = PBXFileReference; explicitFileType = wrapper.application; includeInIndex = 0; path = NavGrid.app; sourceTree = BUILT_PRODUCTS_DIR; };
		24AD49131C3DDFE500ACDF3A /* AppDelegate.swift */ = {isa = PBXFileReference; lastKnownFileType = sourcecode.swift; path = AppDelegate.swift; sourceTree = "<group>"; };
		24AD49181C3DDFE500ACDF3A /* Base */ = {isa = PBXFileReference; lastKnownFileType = file.storyboard; name = Base; path = Base.lproj/Main.storyboard; sourceTree = "<group>"; };
		24AD491A1C3DDFE500ACDF3A /* Assets.xcassets */ = {isa = PBXFileReference; lastKnownFileType = folder.assetcatalog; path = Assets.xcassets; sourceTree = "<group>"; };
		24AD491D1C3DDFE500ACDF3A /* Base */ = {isa = PBXFileReference; lastKnownFileType = file.storyboard; name = Base; path = Base.lproj/LaunchScreen.storyboard; sourceTree = "<group>"; };
		24AD491F1C3DDFE500ACDF3A /* Info.plist */ = {isa = PBXFileReference; lastKnownFileType = text.plist.xml; path = Info.plist; sourceTree = "<group>"; };
		24AD49261C3DE02600ACDF3A /* NGNavigationController.swift */ = {isa = PBXFileReference; fileEncoding = 4; lastKnownFileType = sourcecode.swift; path = NGNavigationController.swift; sourceTree = "<group>"; };
		24AD49281C3DE03100ACDF3A /* NGViewController.swift */ = {isa = PBXFileReference; fileEncoding = 4; lastKnownFileType = sourcecode.swift; path = NGViewController.swift; sourceTree = "<group>"; };
		24AD492B1C3E295600ACDF3A /* NavGridSampleNavigation.swift */ = {isa = PBXFileReference; fileEncoding = 4; lastKnownFileType = sourcecode.swift; path = NavGridSampleNavigation.swift; sourceTree = "<group>"; };
		24AD492D1C3E299600ACDF3A /* NavGridSampleViewController.swift */ = {isa = PBXFileReference; fileEncoding = 4; lastKnownFileType = sourcecode.swift; path = NavGridSampleViewController.swift; sourceTree = "<group>"; };
/* End PBXFileReference section */

/* Begin PBXFrameworksBuildPhase section */
		24AD490D1C3DDFE500ACDF3A /* Frameworks */ = {
			isa = PBXFrameworksBuildPhase;
			buildActionMask = 2147483647;
			files = (
			);
			runOnlyForDeploymentPostprocessing = 0;
		};
/* End PBXFrameworksBuildPhase section */

/* Begin PBXGroup section */
		24AD49071C3DDFE400ACDF3A = {
			isa = PBXGroup;
			children = (
				24AD49251C3DE00700ACDF3A /* NavGrid */,
				24AD49121C3DDFE500ACDF3A /* NavGridProject */,
				24AD49111C3DDFE500ACDF3A /* Products */,
			);
			sourceTree = "<group>";
		};
		24AD49111C3DDFE500ACDF3A /* Products */ = {
			isa = PBXGroup;
			children = (
				24AD49101C3DDFE500ACDF3A /* NavGrid.app */,
			);
			name = Products;
			sourceTree = "<group>";
		};
		24AD49121C3DDFE500ACDF3A /* NavGridProject */ = {
			isa = PBXGroup;
			children = (
				24AD492A1C3E290B00ACDF3A /* NavGridSample */,
				24AD49131C3DDFE500ACDF3A /* AppDelegate.swift */,
				24AD49171C3DDFE500ACDF3A /* Main.storyboard */,
				24AD491A1C3DDFE500ACDF3A /* Assets.xcassets */,
				24AD491C1C3DDFE500ACDF3A /* LaunchScreen.storyboard */,
				24AD491F1C3DDFE500ACDF3A /* Info.plist */,
			);
			name = NavGridProject;
			path = NavGrid;
			sourceTree = "<group>";
		};
		24AD49251C3DE00700ACDF3A /* NavGrid */ = {
			isa = PBXGroup;
			children = (
				24AD49261C3DE02600ACDF3A /* NGNavigationController.swift */,
				24AD49281C3DE03100ACDF3A /* NGViewController.swift */,
			);
			name = NavGrid;
			sourceTree = "<group>";
		};
		24AD492A1C3E290B00ACDF3A /* NavGridSample */ = {
			isa = PBXGroup;
			children = (
				24AD492B1C3E295600ACDF3A /* NavGridSampleNavigation.swift */,
				24AD492D1C3E299600ACDF3A /* NavGridSampleViewController.swift */,
			);
			name = NavGridSample;
			sourceTree = "<group>";
		};
/* End PBXGroup section */

/* Begin PBXNativeTarget section */
		24AD490F1C3DDFE500ACDF3A /* NavGrid */ = {
			isa = PBXNativeTarget;
			buildConfigurationList = 24AD49221C3DDFE500ACDF3A /* Build configuration list for PBXNativeTarget "NavGrid" */;
			buildPhases = (
				24AD490C1C3DDFE500ACDF3A /* Sources */,
				24AD490D1C3DDFE500ACDF3A /* Frameworks */,
				24AD490E1C3DDFE500ACDF3A /* Resources */,
			);
			buildRules = (
			);
			dependencies = (
			);
			name = NavGrid;
			productName = NavGrid;
			productReference = 24AD49101C3DDFE500ACDF3A /* NavGrid.app */;
			productType = "com.apple.product-type.application";
		};
/* End PBXNativeTarget section */

/* Begin PBXProject section */
		24AD49081C3DDFE400ACDF3A /* Project object */ = {
			isa = PBXProject;
			attributes = {
				LastSwiftUpdateCheck = 0720;
				LastUpgradeCheck = 0720;
				ORGANIZATIONNAME = "Patrick Bradshaw";
				TargetAttributes = {
					24AD490F1C3DDFE500ACDF3A = {
						CreatedOnToolsVersion = 7.2;
					};
				};
			};
			buildConfigurationList = 24AD490B1C3DDFE400ACDF3A /* Build configuration list for PBXProject "NavGrid" */;
			compatibilityVersion = "Xcode 3.2";
			developmentRegion = English;
			hasScannedForEncodings = 0;
			knownRegions = (
				en,
				Base,
			);
			mainGroup = 24AD49071C3DDFE400ACDF3A;
			productRefGroup = 24AD49111C3DDFE500ACDF3A /* Products */;
			projectDirPath = "";
			projectRoot = "";
			targets = (
				24AD490F1C3DDFE500ACDF3A /* NavGrid */,
			);
		};
/* End PBXProject section */

/* Begin PBXResourcesBuildPhase section */
		24AD490E1C3DDFE500ACDF3A /* Resources */ = {
			isa = PBXResourcesBuildPhase;
			buildActionMask = 2147483647;
			files = (
				24AD491E1C3DDFE500ACDF3A /* LaunchScreen.storyboard in Resources */,
				24AD491B1C3DDFE500ACDF3A /* Assets.xcassets in Resources */,
				24AD49191C3DDFE500ACDF3A /* Main.storyboard in Resources */,
			);
			runOnlyForDeploymentPostprocessing = 0;
		};
/* End PBXResourcesBuildPhase section */

/* Begin PBXSourcesBuildPhase section */
		24AD490C1C3DDFE500ACDF3A /* Sources */ = {
			isa = PBXSourcesBuildPhase;
			buildActionMask = 2147483647;
			files = (
				24AD49291C3DE03100ACDF3A /* NGViewController.swift in Sources */,
				24AD49271C3DE02600ACDF3A /* NGNavigationController.swift in Sources */,
				24AD492E1C3E299600ACDF3A /* NavGridSampleViewController.swift in Sources */,
				24AD49141C3DDFE500ACDF3A /* AppDelegate.swift in Sources */,
				24AD492C1C3E295600ACDF3A /* NavGridSampleNavigation.swift in Sources */,
			);
			runOnlyForDeploymentPostprocessing = 0;
		};
/* End PBXSourcesBuildPhase section */

/* Begin PBXVariantGroup section */
		24AD49171C3DDFE500ACDF3A /* Main.storyboard */ = {
			isa = PBXVariantGroup;
			children = (
				24AD49181C3DDFE500ACDF3A /* Base */,
			);
			name = Main.storyboard;
			sourceTree = "<group>";
		};
		24AD491C1C3DDFE500ACDF3A /* LaunchScreen.storyboard */ = {
			isa = PBXVariantGroup;
			children = (
				24AD491D1C3DDFE500ACDF3A /* Base */,
			);
			name = LaunchScreen.storyboard;
			sourceTree = "<group>";
		};
/* End PBXVariantGroup section */

/* Begin XCBuildConfiguration section */
		24AD49201C3DDFE500ACDF3A /* Debug */ = {
			isa = XCBuildConfiguration;
			buildSettings = {
				ALWAYS_SEARCH_USER_PATHS = NO;
				CLANG_CXX_LANGUAGE_STANDARD = "gnu++0x";
				CLANG_CXX_LIBRARY = "libc++";
				CLANG_ENABLE_MODULES = YES;
				CLANG_ENABLE_OBJC_ARC = YES;
				CLANG_WARN_BOOL_CONVERSION = YES;
				CLANG_WARN_CONSTANT_CONVERSION = YES;
				CLANG_WARN_DIRECT_OBJC_ISA_USAGE = YES_ERROR;
				CLANG_WARN_EMPTY_BODY = YES;
				CLANG_WARN_ENUM_CONVERSION = YES;
				CLANG_WARN_INT_CONVERSION = YES;
				CLANG_WARN_OBJC_ROOT_CLASS = YES_ERROR;
				CLANG_WARN_UNREACHABLE_CODE = YES;
				CLANG_WARN__DUPLICATE_METHOD_MATCH = YES;
				"CODE_SIGN_IDENTITY[sdk=iphoneos*]" = "iPhone Developer";
				COPY_PHASE_STRIP = NO;
				DEBUG_INFORMATION_FORMAT = dwarf;
				ENABLE_STRICT_OBJC_MSGSEND = YES;
				ENABLE_TESTABILITY = YES;
				GCC_C_LANGUAGE_STANDARD = gnu99;
				GCC_DYNAMIC_NO_PIC = NO;
				GCC_NO_COMMON_BLOCKS = YES;
				GCC_OPTIMIZATION_LEVEL = 0;
				GCC_PREPROCESSOR_DEFINITIONS = (
					"DEBUG=1",
					"$(inherited)",
				);
				GCC_WARN_64_TO_32_BIT_CONVERSION = YES;
				GCC_WARN_ABOUT_RETURN_TYPE = YES_ERROR;
				GCC_WARN_UNDECLARED_SELECTOR = YES;
				GCC_WARN_UNINITIALIZED_AUTOS = YES_AGGRESSIVE;
				GCC_WARN_UNUSED_FUNCTION = YES;
				GCC_WARN_UNUSED_VARIABLE = YES;
				IPHONEOS_DEPLOYMENT_TARGET = 9.2;
				MTL_ENABLE_DEBUG_INFO = YES;
				ONLY_ACTIVE_ARCH = YES;
				SDKROOT = iphoneos;
				SWIFT_OPTIMIZATION_LEVEL = "-Onone";
			};
			name = Debug;
		};
		24AD49211C3DDFE500ACDF3A /* Release */ = {
			isa = XCBuildConfiguration;
			buildSettings = {
				ALWAYS_SEARCH_USER_PATHS = NO;
				CLANG_CXX_LANGUAGE_STANDARD = "gnu++0x";
				CLANG_CXX_LIBRARY = "libc++";
				CLANG_ENABLE_MODULES = YES;
				CLANG_ENABLE_OBJC_ARC = YES;
				CLANG_WARN_BOOL_CONVERSION = YES;
				CLANG_WARN_CONSTANT_CONVERSION = YES;
				CLANG_WARN_DIRECT_OBJC_ISA_USAGE = YES_ERROR;
				CLANG_WARN_EMPTY_BODY = YES;
				CLANG_WARN_ENUM_CONVERSION = YES;
				CLANG_WARN_INT_CONVERSION = YES;
				CLANG_WARN_OBJC_ROOT_CLASS = YES_ERROR;
				CLANG_WARN_UNREACHABLE_CODE = YES;
				CLANG_WARN__DUPLICATE_METHOD_MATCH = YES;
				"CODE_SIGN_IDENTITY[sdk=iphoneos*]" = "iPhone Developer";
				COPY_PHASE_STRIP = NO;
				DEBUG_INFORMATION_FORMAT = "dwarf-with-dsym";
				ENABLE_NS_ASSERTIONS = NO;
				ENABLE_STRICT_OBJC_MSGSEND = YES;
				GCC_C_LANGUAGE_STANDARD = gnu99;
				GCC_NO_COMMON_BLOCKS = YES;
				GCC_WARN_64_TO_32_BIT_CONVERSION = YES;
				GCC_WARN_ABOUT_RETURN_TYPE = YES_ERROR;
				GCC_WARN_UNDECLARED_SELECTOR = YES;
				GCC_WARN_UNINITIALIZED_AUTOS = YES_AGGRESSIVE;
				GCC_WARN_UNUSED_FUNCTION = YES;
				GCC_WARN_UNUSED_VARIABLE = YES;
				IPHONEOS_DEPLOYMENT_TARGET = 9.2;
				MTL_ENABLE_DEBUG_INFO = NO;
				SDKROOT = iphoneos;
				VALIDATE_PRODUCT = YES;
			};
			name = Release;
		};
		24AD49231C3DDFE500ACDF3A /* Debug */ = {
			isa = XCBuildConfiguration;
			buildSettings = {
				ASSETCATALOG_COMPILER_APPICON_NAME = AppIcon;
				INFOPLIST_FILE = NavGrid/Info.plist;
				LD_RUNPATH_SEARCH_PATHS = "$(inherited) @executable_path/Frameworks";
				PRODUCT_BUNDLE_IDENTIFIER = com.navgrid.NavGrid;
				PRODUCT_NAME = "$(TARGET_NAME)";
			};
			name = Debug;
		};
		24AD49241C3DDFE500ACDF3A /* Release */ = {
			isa = XCBuildConfiguration;
			buildSettings = {
				ASSETCATALOG_COMPILER_APPICON_NAME = AppIcon;
				INFOPLIST_FILE = NavGrid/Info.plist;
				LD_RUNPATH_SEARCH_PATHS = "$(inherited) @executable_path/Frameworks";
				PRODUCT_BUNDLE_IDENTIFIER = com.navgrid.NavGrid;
				PRODUCT_NAME = "$(TARGET_NAME)";
			};
			name = Release;
		};
/* End XCBuildConfiguration section */

/* Begin XCConfigurationList section */
		24AD490B1C3DDFE400ACDF3A /* Build configuration list for PBXProject "NavGrid" */ = {
			isa = XCConfigurationList;
			buildConfigurations = (
				24AD49201C3DDFE500ACDF3A /* Debug */,
				24AD49211C3DDFE500ACDF3A /* Release */,
			);
			defaultConfigurationIsVisible = 0;
			defaultConfigurationName = Release;
		};
		24AD49221C3DDFE500ACDF3A /* Build configuration list for PBXNativeTarget "NavGrid" */ = {
			isa = XCConfigurationList;
			buildConfigurations = (
				24AD49231C3DDFE500ACDF3A /* Debug */,
				24AD49241C3DDFE500ACDF3A /* Release */,
			);
			defaultConfigurationIsVisible = 0;
		};
/* End XCConfigurationList section */
	};
	rootObject = 24AD49081C3DDFE400ACDF3A /* Project object */;
}
